schema: '2.0'
stages:
  ensemble_run:
    cmd: PYTHONPATH=. ${E2S_PYTHON:-/root/earth2studio-project/.venv/bin/python}
      pipeline/ensemble/01_run.py
    deps:
    - path: pipeline/ensemble/01_run.py
      hash: md5
      md5: 1559fb8fa66f8d24db5d903e427fd832
      size: 1446
    outs:
    - path: data/ensemble/fcn3_ensemble.zarr
      hash: md5
      md5: f2a7b0b8ceab673bf527a63715708d1a.dir
      size: 74155323355
      nfiles: 17939
  ensemble_validate:
    cmd: PYTHONPATH=. ${E2S_PYTHON:-/root/earth2studio-project/.venv/bin/python}
      pipeline/ensemble/02_validate.py && PYTHONPATH=. 
      ${E2S_PYTHON:-/root/earth2studio-project/.venv/bin/python} 
      pipeline/ensemble/03_validate_visualize.py
    deps:
    - path: data/ensemble/fcn3_ensemble.zarr
      hash: md5
      md5: f2a7b0b8ceab673bf527a63715708d1a.dir
      size: 74155323355
      nfiles: 17939
    - path: e2s/validation.py
      hash: md5
      md5: 8b084622c89fd4ea3d8ab9e414254102
      size: 7937
    - path: pipeline/ensemble/02_validate.py
      hash: md5
      md5: f112561b91b7c42eeb1ab134d741b80a
      size: 15465
    - path: pipeline/ensemble/03_validate_visualize.py
      hash: md5
      md5: b3dae6175696595aada01815089ae879
      size: 10680
    outs:
    - path: output/ensemble/validation
      hash: md5
      md5: 96a436685cde52f5fcad9e6ab6f5f0c4.dir
      size: 4432651
      nfiles: 29
  ensemble_analyse:
    cmd: PYTHONPATH=. ${E2S_PYTHON:-/root/earth2studio-project/.venv/bin/python}
      pipeline/ensemble/04_analyse.py
    deps:
    - path: data/ensemble/fcn3_ensemble.zarr
      hash: md5
      md5: f2a7b0b8ceab673bf527a63715708d1a.dir
      size: 74155323355
      nfiles: 17939
    - path: e2s/validation.py
      hash: md5
      md5: 8b084622c89fd4ea3d8ab9e414254102
      size: 7937
    - path: pipeline/ensemble/04_analyse.py
      hash: md5
      md5: fbfcec3b1843975aad7a9af5e20d4bf7
      size: 16293
    outs:
    - path: data/ensemble/gifs
      hash: md5
      md5: 3cd19f58959c50e209fce24f8f9dfb06.dir
      size: 29627040
      nfiles: 25
    - path: output/ensemble/analysis
      hash: md5
      md5: 2998fbcb464b7f5c7c3981c067a9fd42.dir
      size: 507011
      nfiles: 3
  downscaling_run:
    cmd: PYTHONPATH=. ${E2S_PYTHON:-/root/earth2studio-project/.venv/bin/python}
      pipeline/downscaling/01_run.py
    deps:
    - path: pipeline/downscaling/01_run.py
      hash: md5
      md5: 0f8f30eeeb781f2a9b7f16b7592cd3e9
      size: 5221
    outs:
    - path: data/downscaling/sfno_downscaled.zarr
      hash: md5
      md5: 6619755c26cc3715aea452fe4d700e5f.dir
      size: 2073623275
      nfiles: 515
  variable_subset_compare:
    cmd: PYTHONPATH=. ${E2S_PYTHON:-/root/earth2studio-project/.venv/bin/python}
      pipeline/variable_subset/01_compare_full_vs_subset.py
    deps:
    - path: pipeline/variable_subset/01_compare_full_vs_subset.py
      hash: md5
      md5: 94fadfbe844cec0c18280ec11dabc1be
      size: 4530
    outs:
    - path: output/variable_subset/full_vs_subset.csv
      hash: md5
      md5: 36e2f873825b57a62426f337e4f0537b
      size: 115
    - path: output/variable_subset/full_vs_subset.md
      hash: md5
      md5: 9b599c3f25d587b0d287ead35983dfe2
      size: 721
  diagnostic_solar_radiation:
    cmd: PYTHONPATH=. ${E2S_PYTHON:-/root/earth2studio-project/.venv/bin/python}
      pipeline/diagnostic/01_run_solar_radiation.py
    deps:
    - path: pipeline/diagnostic/01_run_solar_radiation.py
      hash: md5
      md5: 780a8c0ab80162039d25c358467a11ed
      size: 3108
    outs:
    - path: data/diagnostic/fcn3_diagnostic.zarr
      hash: md5
      md5: d43ad059a2ff90a617b1b8fed187d0cc.dir
      size: 54009011
      nfiles: 23
  ensemble_book_forecast_overview:
    cmd: MPLBACKEND=Agg PYTHONPATH=$(pwd) uv run jupytext --to notebook 
      --execute --set-kernel e2s-gpu --output 
      book/notebooks/05_forecast_overview.ipynb 
      pipeline/ensemble/05_forecast_overview.py && uv run python 
      pipeline/_strip_jupytext_metadata.py 
      book/notebooks/05_forecast_overview.ipynb
    deps:
    - path: data/ensemble/fcn3_ensemble.zarr
      hash: md5
      md5: f2a7b0b8ceab673bf527a63715708d1a.dir
      size: 74155323355
      nfiles: 17939
    - path: data/ensemble/gifs
      hash: md5
      md5: 3cd19f58959c50e209fce24f8f9dfb06.dir
      size: 29627040
      nfiles: 25
    - path: e2s/validation.py
      hash: md5
      md5: 8b084622c89fd4ea3d8ab9e414254102
      size: 7937
    - path: output/ensemble/analysis/meteogram_t2m_munich.png
      hash: md5
      md5: 57bcc8fec8a42e9e5c2c382b135f4d31
      size: 61962
    - path: pipeline/_strip_jupytext_metadata.py
      hash: md5
      md5: 19bb5d4de197aa76a272664affdbccdf
      size: 540
    - path: pipeline/ensemble/05_forecast_overview.py
      hash: md5
      md5: 2d063716d0852969e2549de1aac3cc7f
      size: 6018
    outs:
    - path: book/notebooks/05_forecast_overview.ipynb
      hash: md5
      md5: e635d627f600bcedc09f07e794e78eb4
      size: 11763
    - path: output/ensemble/book/spaghetti_t2m_munich.png
      hash: md5
      md5: 230734bcbb6f26b2d4ab39ba980311d5
      size: 306993
    - path: output/ensemble/book/t2m_robinson_member00.gif
      hash: md5
      md5: fab29121725c1b40b62016b922b1a7ff
      size: 1223006
    - path: output/ensemble/book/t2m_robinson_member01.gif
      hash: md5
      md5: 90d302dcc51a460e1868a5eb7d1be16c
      size: 1206054
    - path: output/ensemble/book/t2m_std_robinson.gif
      hash: md5
      md5: e62a7a49709e6651c921acad138a7670
      size: 763607
    - path: output/ensemble/book/wind10m_robinson_member00.gif
      hash: md5
      md5: 920a8db9b88d45eadcba80aa58313299
      size: 1528937
    - path: output/ensemble/book/z500_robinson_member00.gif
      hash: md5
      md5: 57659f416e481ee463d7929fa50b5bc6
      size: 847972
  ensemble_book_validation_report:
    cmd: MPLBACKEND=Agg PYTHONPATH=$(pwd) uv run jupytext --to notebook 
      --execute --set-kernel e2s-gpu --output 
      book/notebooks/06_validation_report.ipynb 
      pipeline/ensemble/06_validation_report.py && uv run python 
      pipeline/_strip_jupytext_metadata.py 
      book/notebooks/06_validation_report.ipynb
    deps:
    - path: output/ensemble/validation
      hash: md5
      md5: 96a436685cde52f5fcad9e6ab6f5f0c4.dir
      size: 4432651
      nfiles: 29
    - path: pipeline/_strip_jupytext_metadata.py
      hash: md5
      md5: 19bb5d4de197aa76a272664affdbccdf
      size: 540
    - path: pipeline/ensemble/06_validation_report.py
      hash: md5
      md5: 6a9668e14f491b52dc5a7aab72380196
      size: 4909
    outs:
    - path: book/notebooks/06_validation_report.ipynb
      hash: md5
      md5: 99727de78d5ee321fb65c956e3528d64
      size: 8986
  diagnostic_book_analyse:
    cmd: MPLBACKEND=Agg PYTHONPATH=$(pwd) uv run jupytext --to notebook 
      --execute --set-kernel e2s-gpu --output 
      book/notebooks/07_diagnostic_solar_radiation.ipynb 
      pipeline/diagnostic/02_analyse.py && uv run python 
      pipeline/_strip_jupytext_metadata.py 
      book/notebooks/07_diagnostic_solar_radiation.ipynb
    deps:
    - path: data/diagnostic/fcn3_diagnostic.zarr
      hash: md5
      md5: d43ad059a2ff90a617b1b8fed187d0cc.dir
      size: 54009011
      nfiles: 23
    - path: e2s/validation.py
      hash: md5
      md5: 8b084622c89fd4ea3d8ab9e414254102
      size: 7937
    - path: pipeline/_strip_jupytext_metadata.py
      hash: md5
      md5: 19bb5d4de197aa76a272664affdbccdf
      size: 540
    - path: pipeline/diagnostic/02_analyse.py
      hash: md5
      md5: 27bf4de9588a86bbfa6a04f6458e317b
      size: 4412
    outs:
    - path: book/notebooks/07_diagnostic_solar_radiation.ipynb
      hash: md5
      md5: 93f7548e7c2cb38eb0a479030e11144c
      size: 7793
    - path: output/diagnostic/ssrd_global_snapshot.png
      hash: md5
      md5: f50136452667b9639467f9041851d31d
      size: 347214
    - path: output/diagnostic/ssrd_timeseries_munich.png
      hash: md5
      md5: 36a73ecb84de967f343eca6319957900
      size: 100782
  variable_subset_book_report:
    cmd: MPLBACKEND=Agg PYTHONPATH=$(pwd) uv run jupytext --to notebook 
      --execute --set-kernel e2s-gpu --output 
      book/notebooks/08_variable_subset_report.ipynb 
      pipeline/variable_subset/02_report.py && uv run python 
      pipeline/_strip_jupytext_metadata.py 
      book/notebooks/08_variable_subset_report.ipynb
    deps:
    - path: output/variable_subset/full_vs_subset.csv
      hash: md5
      md5: 36e2f873825b57a62426f337e4f0537b
      size: 115
    - path: pipeline/_strip_jupytext_metadata.py
      hash: md5
      md5: 19bb5d4de197aa76a272664affdbccdf
      size: 540
    - path: pipeline/variable_subset/02_report.py
      hash: md5
      md5: 003d2deb4ca10ae16c870f6e8723bee0
      size: 3309
    outs:
    - path: book/notebooks/08_variable_subset_report.ipynb
      hash: md5
      md5: b63abfca63618139192bb61fa1d98137
      size: 7361
    - path: output/variable_subset/full_vs_subset_bars.png
      hash: md5
      md5: b4d9637e0e1af7314a0940c7134aaae4
      size: 34258
  germany_download_mask:
    cmd: PYTHONPATH=. ${E2S_PYTHON:-/root/earth2studio-project/.venv/bin/python}
      pipeline/germany/01_run.py
    deps:
    - path: pipeline/germany/01_run.py
      hash: md5
      md5: 2ff144fc87daca7c6bfb0aa81102bd81
      size: 5458
    outs:
    - path: data/germany/pecd_population_mask_raw.nc
      hash: md5
      md5: 3fa3b490f1e9e20903fa3603c46824b3
      size: 574373
  germany_build_mask:
    cmd: PYTHONPATH=. ${E2S_PYTHON:-/root/earth2studio-project/.venv/bin/python}
      pipeline/germany/02_build_germany_mask.py
    deps:
    - path: data/ensemble/fcn3_ensemble.zarr
      hash: md5
      md5: f2a7b0b8ceab673bf527a63715708d1a.dir
      size: 74155323355
      nfiles: 17939
    - path: data/germany/pecd_population_mask_raw.nc
      hash: md5
      md5: 3fa3b490f1e9e20903fa3603c46824b3
      size: 574373
    - path: pipeline/germany/02_build_germany_mask.py
      hash: md5
      md5: f1945dcd50d65a6e084e73756c9e8371
      size: 5694
    outs:
    - path: data/germany/germany_population_mask.nc
      hash: md5
      md5: 3519cf27960119763de47b80975c1e37
      size: 9368826
  downscaling_analyse:
    cmd: PYTHONPATH=. ${E2S_PYTHON:-/root/earth2studio-project/.venv/bin/python}
      pipeline/downscaling/02_analyse.py
    deps:
    - path: data/downscaling/sfno_downscaled.zarr
      hash: md5
      md5: 6619755c26cc3715aea452fe4d700e5f.dir
      size: 2073623275
      nfiles: 515
    - path: e2s/validation.py
      hash: md5
      md5: 8b084622c89fd4ea3d8ab9e414254102
      size: 7937
    - path: pipeline/downscaling/02_analyse.py
      hash: md5
      md5: 41021c290079390224f788bec280307f
      size: 13667
    outs:
    - path: data/downscaling/gifs
      hash: md5
      md5: e9a1fe4a01bef2d1f7ed053a3c48a0ef.dir
      size: 1913458
      nfiles: 10
    - path: output/downscaling/analysis
      hash: md5
      md5: 175e3bd41e1c8369556b027139d3d916.dir
      size: 379614
      nfiles: 3
  downscaling_book_overview:
    cmd: MPLBACKEND=Agg PYTHONPATH=$(pwd) uv run jupytext --to notebook 
      --execute --set-kernel e2s-gpu --output 
      book/notebooks/09_downscaling_overview.ipynb 
      pipeline/downscaling/03_forecast_overview.py && uv run python 
      pipeline/_strip_jupytext_metadata.py 
      book/notebooks/09_downscaling_overview.ipynb
    deps:
    - path: data/downscaling/gifs
      hash: md5
      md5: e9a1fe4a01bef2d1f7ed053a3c48a0ef.dir
      size: 1913458
      nfiles: 10
    - path: output/downscaling/analysis/meteogram_t2m_munich_dense.png
      hash: md5
      md5: b5cb97d430bce9b06ed54d9e521da7e1
      size: 65890
    - path: output/downscaling/analysis/meteogram_t2m_munich_native.png
      hash: md5
      md5: 1fc8082bc6e1c45de03a5a6910dd84da
      size: 39371
    - path: pipeline/_strip_jupytext_metadata.py
      hash: md5
      md5: 19bb5d4de197aa76a272664affdbccdf
      size: 540
    - path: pipeline/downscaling/03_forecast_overview.py
      hash: md5
      md5: 5fca90cf8a72e608978e977f923b26d9
      size: 4244
    outs:
    - path: book/notebooks/09_downscaling_overview.ipynb
      hash: md5
      md5: 297655f175498abb63d204b65cf6ce57
      size: 7668
    - path: output/downscaling/book/meteogram_t2m_munich_dense.png
      hash: md5
      md5: b5cb97d430bce9b06ed54d9e521da7e1
      size: 65890
    - path: output/downscaling/book/meteogram_t2m_munich_native.png
      hash: md5
      md5: 1fc8082bc6e1c45de03a5a6910dd84da
      size: 39371
    - path: output/downscaling/book/t2m_robinson_dense_member00.gif
      hash: md5
      md5: bfd38c691a71268f5ef7d44144b58a0a
      size: 295897
    - path: output/downscaling/book/t2m_robinson_native_member00.gif
      hash: md5
      md5: 682fe8d458142da6decc9da151884b92
      size: 118788
  germany_book_population_weighted:
    cmd: MPLBACKEND=Agg PYTHONPATH=$(pwd) uv run jupytext --to notebook 
      --execute --set-kernel e2s-gpu --output 
      book/notebooks/10_germany_population_weighted.ipynb 
      pipeline/germany/03_population_weighted_overview.py && uv run python 
      pipeline/_strip_jupytext_metadata.py 
      book/notebooks/10_germany_population_weighted.ipynb
    deps:
    - path: data/germany/germany_population_mask.nc
      hash: md5
      md5: 3519cf27960119763de47b80975c1e37
      size: 9368826
    - path: output/ensemble/analysis/germany_t2m_simple_vs_popweighted.png
      hash: md5
      md5: f2e4392b584e4cbf0dfe30e67e8cb473
      size: 383798
    - path: pipeline/_strip_jupytext_metadata.py
      hash: md5
      md5: 19bb5d4de197aa76a272664affdbccdf
      size: 540
    - path: pipeline/germany/03_population_weighted_overview.py
      hash: md5
      md5: 21032ff31f49f15a7a396fb05fecb86d
      size: 4769
    outs:
    - path: book/notebooks/10_germany_population_weighted.ipynb
      hash: md5
      md5: 9cdb32c0107e452f34950f468a363c15
      size: 6879
    - path: output/germany/book/population_mask.png
      hash: md5
      md5: da70cfd811c3ff45a721cc183fad89d5
      size: 124911
  perturbation_run:
    cmd: PYTHONPATH=. ${E2S_PYTHON:-/root/earth2studio-project/.venv/bin/python}
      pipeline/perturbation/01_run.py
    deps:
    - path: e2s/validation.py
      hash: md5
      md5: 8b084622c89fd4ea3d8ab9e414254102
      size: 7937
    - path: pipeline/perturbation/01_run.py
      hash: md5
      md5: a8885f55b2d627415e3a90dcd2394cff
      size: 15922
    outs:
    - path: data/perturbation
      hash: md5
      md5: dddb3d91f284e02a26269346db01d3b0.dir
      size: 779047725
      nfiles: 1755
    - path: output/perturbation/metrics
      hash: md5
      md5: 567f60181145f89a31df04948e334941.dir
      size: 2706585
      nfiles: 10
  perturbation_analyse:
    cmd: PYTHONPATH=. ${E2S_PYTHON:-/root/earth2studio-project/.venv/bin/python}
      pipeline/perturbation/02_analyse.py
    deps:
    - path: data/perturbation
      hash: md5
      md5: dddb3d91f284e02a26269346db01d3b0.dir
      size: 779047725
      nfiles: 1755
    - path: e2s/validation.py
      hash: md5
      md5: 8b084622c89fd4ea3d8ab9e414254102
      size: 7937
    - path: output/perturbation/metrics
      hash: md5
      md5: 567f60181145f89a31df04948e334941.dir
      size: 2706585
      nfiles: 10
    - path: pipeline/perturbation/02_analyse.py
      hash: md5
      md5: e709c599bc3dd19a6ae2ce0645c19d40
      size: 9960
    outs:
    - path: output/perturbation/analysis
      hash: md5
      md5: 6f9ee7b9aeac330da263ec6df38aaafb.dir
      size: 9717775
      nfiles: 16
