schema: '2.0'
stages:
  ensemble_run:
    cmd: PYTHONPATH=. ${E2S_PYTHON:-/root/earth2studio-project/.venv/bin/python}
      pipeline/ensemble/01_run.py
    deps:
    - path: pipeline/ensemble/01_run.py
      hash: md5
      md5: 1559fb8fa66f8d24db5d903e427fd832
      size: 1446
    outs:
    - path: data/ensemble/fcn3_ensemble.zarr
      hash: md5
      md5: f2a7b0b8ceab673bf527a63715708d1a.dir
      size: 74155323355
      nfiles: 17939
  ensemble_validate:
    cmd: PYTHONPATH=. ${E2S_PYTHON:-/root/earth2studio-project/.venv/bin/python}
      pipeline/ensemble/02_validate.py && PYTHONPATH=. 
      ${E2S_PYTHON:-/root/earth2studio-project/.venv/bin/python} 
      pipeline/ensemble/03_validate_visualize.py
    deps:
    - path: data/ensemble/fcn3_ensemble.zarr
      hash: md5
      md5: f2a7b0b8ceab673bf527a63715708d1a.dir
      size: 74155323355
      nfiles: 17939
    - path: e2s/validation.py
      hash: md5
      md5: 8b084622c89fd4ea3d8ab9e414254102
      size: 7937
    - path: pipeline/ensemble/02_validate.py
      hash: md5
      md5: f112561b91b7c42eeb1ab134d741b80a
      size: 15465
    - path: pipeline/ensemble/03_validate_visualize.py
      hash: md5
      md5: b3dae6175696595aada01815089ae879
      size: 10680
    outs:
    - path: output/ensemble/validation
      hash: md5
      md5: 96a436685cde52f5fcad9e6ab6f5f0c4.dir
      size: 4432651
      nfiles: 29
  ensemble_analyse:
    cmd: PYTHONPATH=. ${E2S_PYTHON:-/root/earth2studio-project/.venv/bin/python}
      pipeline/ensemble/04_analyse.py
    deps:
    - path: data/ensemble/fcn3_ensemble.zarr
      hash: md5
      md5: f2a7b0b8ceab673bf527a63715708d1a.dir
      size: 74155323355
      nfiles: 17939
    - path: e2s/validation.py
      hash: md5
      md5: 8b084622c89fd4ea3d8ab9e414254102
      size: 7937
    - path: pipeline/ensemble/04_analyse.py
      hash: md5
      md5: 24204cdb4f77d5b42d24b7af9606919a
      size: 16556
    outs:
    - path: data/ensemble/gifs
      hash: md5
      md5: ae2d3348673b97e0c29bf60d07a13dd8.dir
      size: 29627040
      nfiles: 25
    - path: output/ensemble/analysis
      hash: md5
      md5: 2998fbcb464b7f5c7c3981c067a9fd42.dir
      size: 507011
      nfiles: 3
  downscaling_run:
    cmd: PYTHONPATH=. ${E2S_PYTHON:-/root/earth2studio-project/.venv/bin/python}
      pipeline/downscaling/01_run.py
    deps:
    - path: e2s/perturbation.py
      hash: md5
      md5: 1e5c3e10101668db09e81fc6271a9798
      size: 3969
    - path: pipeline/downscaling/01_run.py
      hash: md5
      md5: e73e945b317b4d060494a231e660cae2
      size: 6410
    outs:
    - path: data/downscaling/sfno_downscaled.zarr
      hash: md5
      md5: 91260e400ef44a4c57f1e8e4563e70f8.dir
      size: 2073623275
      nfiles: 515
  variable_subset_compare:
    cmd: PYTHONPATH=. ${E2S_PYTHON:-/root/earth2studio-project/.venv/bin/python}
      pipeline/variable_subset/01_compare_full_vs_subset.py
    deps:
    - path: pipeline/variable_subset/01_compare_full_vs_subset.py
      hash: md5
      md5: 94fadfbe844cec0c18280ec11dabc1be
      size: 4530
    outs:
    - path: output/variable_subset/full_vs_subset.csv
      hash: md5
      md5: 36e2f873825b57a62426f337e4f0537b
      size: 115
    - path: output/variable_subset/full_vs_subset.md
      hash: md5
      md5: 9b599c3f25d587b0d287ead35983dfe2
      size: 721
  diagnostic_solar_radiation:
    cmd: PYTHONPATH=. ${E2S_PYTHON:-/root/earth2studio-project/.venv/bin/python}
      pipeline/diagnostic/01_run_solar_radiation.py
    deps:
    - path: pipeline/diagnostic/01_run_solar_radiation.py
      hash: md5
      md5: 780a8c0ab80162039d25c358467a11ed
      size: 3108
    outs:
    - path: data/diagnostic/fcn3_diagnostic.zarr
      hash: md5
      md5: d43ad059a2ff90a617b1b8fed187d0cc.dir
      size: 54009011
      nfiles: 23
  ensemble_book_forecast_overview:
    cmd: MPLBACKEND=Agg PYTHONPATH=$(pwd) uv run jupytext --to notebook 
      --execute --set-kernel e2s-gpu --output 
      book/notebooks/05_forecast_overview.ipynb 
      pipeline/ensemble/05_forecast_overview.py && uv run python 
      pipeline/_strip_jupytext_metadata.py 
      book/notebooks/05_forecast_overview.ipynb
    deps:
    - path: data/ensemble/fcn3_ensemble.zarr
      hash: md5
      md5: f2a7b0b8ceab673bf527a63715708d1a.dir
      size: 74155323355
      nfiles: 17939
    - path: data/ensemble/gifs
      hash: md5
      md5: ae2d3348673b97e0c29bf60d07a13dd8.dir
      size: 29627040
      nfiles: 25
    - path: e2s/validation.py
      hash: md5
      md5: 8b084622c89fd4ea3d8ab9e414254102
      size: 7937
    - path: output/ensemble/analysis/meteogram_t2m_munich.png
      hash: md5
      md5: 57bcc8fec8a42e9e5c2c382b135f4d31
      size: 61962
    - path: pipeline/_strip_jupytext_metadata.py
      hash: md5
      md5: 19bb5d4de197aa76a272664affdbccdf
      size: 540
    - path: pipeline/ensemble/05_forecast_overview.py
      hash: md5
      md5: 2d063716d0852969e2549de1aac3cc7f
      size: 6018
    outs:
    - path: book/notebooks/05_forecast_overview.ipynb
      hash: md5
      md5: 7f8fe4ea4d67f4ece2f059c9843238d9
      size: 11764
    - path: output/ensemble/book/spaghetti_t2m_munich.png
      hash: md5
      md5: 230734bcbb6f26b2d4ab39ba980311d5
      size: 306993
    - path: output/ensemble/book/t2m_robinson_member00.gif
      hash: md5
      md5: fa064d2aa0826f8c76bfe1df4225c0d6
      size: 1223006
    - path: output/ensemble/book/t2m_robinson_member01.gif
      hash: md5
      md5: f1f0f0bbc9e313000a9c09bcb543ca0c
      size: 1206054
    - path: output/ensemble/book/t2m_std_robinson.gif
      hash: md5
      md5: afacdbb05d127eb46b25dcfaee57a70e
      size: 763607
    - path: output/ensemble/book/wind10m_robinson_member00.gif
      hash: md5
      md5: a968cb3f79d5c664967568b1da3166d2
      size: 1528937
    - path: output/ensemble/book/z500_robinson_member00.gif
      hash: md5
      md5: b8485f039d4400ba1a6a3b5a737d8ed0
      size: 847972
  ensemble_book_validation_report:
    cmd: MPLBACKEND=Agg PYTHONPATH=$(pwd) uv run jupytext --to notebook 
      --execute --set-kernel e2s-gpu --output 
      book/notebooks/06_validation_report.ipynb 
      pipeline/ensemble/06_validation_report.py && uv run python 
      pipeline/_strip_jupytext_metadata.py 
      book/notebooks/06_validation_report.ipynb
    deps:
    - path: output/ensemble/validation
      hash: md5
      md5: 96a436685cde52f5fcad9e6ab6f5f0c4.dir
      size: 4432651
      nfiles: 29
    - path: pipeline/_strip_jupytext_metadata.py
      hash: md5
      md5: 19bb5d4de197aa76a272664affdbccdf
      size: 540
    - path: pipeline/ensemble/06_validation_report.py
      hash: md5
      md5: 6a9668e14f491b52dc5a7aab72380196
      size: 4909
    outs:
    - path: book/notebooks/06_validation_report.ipynb
      hash: md5
      md5: 99727de78d5ee321fb65c956e3528d64
      size: 8986
  diagnostic_book_analyse:
    cmd: MPLBACKEND=Agg PYTHONPATH=$(pwd) uv run jupytext --to notebook 
      --execute --set-kernel e2s-gpu --output 
      book/notebooks/07_diagnostic_solar_radiation.ipynb 
      pipeline/diagnostic/02_analyse.py && uv run python 
      pipeline/_strip_jupytext_metadata.py 
      book/notebooks/07_diagnostic_solar_radiation.ipynb
    deps:
    - path: data/diagnostic/fcn3_diagnostic.zarr
      hash: md5
      md5: d43ad059a2ff90a617b1b8fed187d0cc.dir
      size: 54009011
      nfiles: 23
    - path: e2s/validation.py
      hash: md5
      md5: 8b084622c89fd4ea3d8ab9e414254102
      size: 7937
    - path: pipeline/_strip_jupytext_metadata.py
      hash: md5
      md5: 19bb5d4de197aa76a272664affdbccdf
      size: 540
    - path: pipeline/diagnostic/02_analyse.py
      hash: md5
      md5: 27bf4de9588a86bbfa6a04f6458e317b
      size: 4412
    outs:
    - path: book/notebooks/07_diagnostic_solar_radiation.ipynb
      hash: md5
      md5: 93f7548e7c2cb38eb0a479030e11144c
      size: 7793
    - path: output/diagnostic/ssrd_global_snapshot.png
      hash: md5
      md5: f50136452667b9639467f9041851d31d
      size: 347214
    - path: output/diagnostic/ssrd_timeseries_munich.png
      hash: md5
      md5: 36a73ecb84de967f343eca6319957900
      size: 100782
  variable_subset_book_report:
    cmd: MPLBACKEND=Agg PYTHONPATH=$(pwd) uv run jupytext --to notebook 
      --execute --set-kernel e2s-gpu --output 
      book/notebooks/08_variable_subset_report.ipynb 
      pipeline/variable_subset/02_report.py && uv run python 
      pipeline/_strip_jupytext_metadata.py 
      book/notebooks/08_variable_subset_report.ipynb
    deps:
    - path: output/variable_subset/full_vs_subset.csv
      hash: md5
      md5: 36e2f873825b57a62426f337e4f0537b
      size: 115
    - path: pipeline/_strip_jupytext_metadata.py
      hash: md5
      md5: 19bb5d4de197aa76a272664affdbccdf
      size: 540
    - path: pipeline/variable_subset/02_report.py
      hash: md5
      md5: 003d2deb4ca10ae16c870f6e8723bee0
      size: 3309
    outs:
    - path: book/notebooks/08_variable_subset_report.ipynb
      hash: md5
      md5: b63abfca63618139192bb61fa1d98137
      size: 7361
    - path: output/variable_subset/full_vs_subset_bars.png
      hash: md5
      md5: b4d9637e0e1af7314a0940c7134aaae4
      size: 34258
  germany_download_mask:
    cmd: PYTHONPATH=. ${E2S_PYTHON:-/root/earth2studio-project/.venv/bin/python}
      pipeline/germany/01_run.py
    deps:
    - path: pipeline/germany/01_run.py
      hash: md5
      md5: 2ff144fc87daca7c6bfb0aa81102bd81
      size: 5458
    outs:
    - path: data/germany/pecd_population_mask_raw.nc
      hash: md5
      md5: 3fa3b490f1e9e20903fa3603c46824b3
      size: 574373
  germany_build_mask:
    cmd: PYTHONPATH=. ${E2S_PYTHON:-/root/earth2studio-project/.venv/bin/python}
      pipeline/germany/02_build_germany_mask.py
    deps:
    - path: data/ensemble/fcn3_ensemble.zarr
      hash: md5
      md5: f2a7b0b8ceab673bf527a63715708d1a.dir
      size: 74155323355
      nfiles: 17939
    - path: data/germany/pecd_population_mask_raw.nc
      hash: md5
      md5: 3fa3b490f1e9e20903fa3603c46824b3
      size: 574373
    - path: pipeline/germany/02_build_germany_mask.py
      hash: md5
      md5: f1945dcd50d65a6e084e73756c9e8371
      size: 5694
    outs:
    - path: data/germany/germany_population_mask.nc
      hash: md5
      md5: 3519cf27960119763de47b80975c1e37
      size: 9368826
  downscaling_analyse:
    cmd: PYTHONPATH=. ${E2S_PYTHON:-/root/earth2studio-project/.venv/bin/python}
      pipeline/downscaling/02_analyse.py
    deps:
    - path: data/downscaling/sfno_downscaled.zarr
      hash: md5
      md5: 91260e400ef44a4c57f1e8e4563e70f8.dir
      size: 2073623275
      nfiles: 515
    - path: e2s/validation.py
      hash: md5
      md5: 8b084622c89fd4ea3d8ab9e414254102
      size: 7937
    - path: pipeline/downscaling/02_analyse.py
      hash: md5
      md5: 7714df53837e83e911d9c0dcb7714e7a
      size: 13996
    outs:
    - path: data/downscaling/gifs
      hash: md5
      md5: 18f1e7518a5fe5d41333956fea752d54.dir
      size: 4702345
      nfiles: 10
    - path: output/downscaling/analysis
      hash: md5
      md5: 1247754a174f72c73c0eae5bf60de800.dir
      size: 378643
      nfiles: 3
  downscaling_book_overview:
    cmd: MPLBACKEND=Agg PYTHONPATH=$(pwd) uv run jupytext --to notebook 
      --execute --set-kernel e2s-gpu --output 
      book/notebooks/09_downscaling_overview.ipynb 
      pipeline/downscaling/03_forecast_overview.py && uv run python 
      pipeline/_strip_jupytext_metadata.py 
      book/notebooks/09_downscaling_overview.ipynb
    deps:
    - path: data/downscaling/gifs
      hash: md5
      md5: 18f1e7518a5fe5d41333956fea752d54.dir
      size: 4702345
      nfiles: 10
    - path: output/downscaling/analysis/meteogram_t2m_munich_dense.png
      hash: md5
      md5: 7e7ab7e0d4bb8b64e82b288ef6c803a7
      size: 64756
    - path: output/downscaling/analysis/meteogram_t2m_munich_native.png
      hash: md5
      md5: 1ec2680812928694941971022f43cf5f
      size: 41370
    - path: pipeline/_strip_jupytext_metadata.py
      hash: md5
      md5: 19bb5d4de197aa76a272664affdbccdf
      size: 540
    - path: pipeline/downscaling/03_forecast_overview.py
      hash: md5
      md5: 5fca90cf8a72e608978e977f923b26d9
      size: 4244
    outs:
    - path: book/notebooks/09_downscaling_overview.ipynb
      hash: md5
      md5: 37ff54a3cc1c115ddc4f3fc15d2e1914
      size: 7668
    - path: output/downscaling/book/meteogram_t2m_munich_dense.png
      hash: md5
      md5: 7e7ab7e0d4bb8b64e82b288ef6c803a7
      size: 64756
    - path: output/downscaling/book/meteogram_t2m_munich_native.png
      hash: md5
      md5: 1ec2680812928694941971022f43cf5f
      size: 41370
    - path: output/downscaling/book/t2m_robinson_dense_member00.gif
      hash: md5
      md5: 5f65d762a793322f9a6f50e4ba32f0d7
      size: 743875
    - path: output/downscaling/book/t2m_robinson_native_member00.gif
      hash: md5
      md5: cab92ebc7a3976f73a7235bb301ac210
      size: 191881
  germany_book_population_weighted:
    cmd: MPLBACKEND=Agg PYTHONPATH=$(pwd) uv run jupytext --to notebook 
      --execute --set-kernel e2s-gpu --output 
      book/notebooks/10_germany_population_weighted.ipynb 
      pipeline/germany/03_population_weighted_overview.py && uv run python 
      pipeline/_strip_jupytext_metadata.py 
      book/notebooks/10_germany_population_weighted.ipynb
    deps:
    - path: data/germany/germany_population_mask.nc
      hash: md5
      md5: 3519cf27960119763de47b80975c1e37
      size: 9368826
    - path: output/ensemble/analysis/germany_t2m_simple_vs_popweighted.png
      hash: md5
      md5: f2e4392b584e4cbf0dfe30e67e8cb473
      size: 383798
    - path: pipeline/_strip_jupytext_metadata.py
      hash: md5
      md5: 19bb5d4de197aa76a272664affdbccdf
      size: 540
    - path: pipeline/germany/03_population_weighted_overview.py
      hash: md5
      md5: 21032ff31f49f15a7a396fb05fecb86d
      size: 4769
    outs:
    - path: book/notebooks/10_germany_population_weighted.ipynb
      hash: md5
      md5: 9cdb32c0107e452f34950f468a363c15
      size: 6879
    - path: output/germany/book/population_mask.png
      hash: md5
      md5: da70cfd811c3ff45a721cc183fad89d5
      size: 124911
  perturbation_run:
    cmd: PYTHONPATH=. ${E2S_PYTHON:-/root/earth2studio-project/.venv/bin/python}
      pipeline/perturbation/01_run.py
    deps:
    - path: e2s/perturbation.py
      hash: md5
      md5: 1e5c3e10101668db09e81fc6271a9798
      size: 3969
    - path: e2s/validation.py
      hash: md5
      md5: 8b084622c89fd4ea3d8ab9e414254102
      size: 7937
    - path: pipeline/perturbation/01_run.py
      hash: md5
      md5: 9dfe976c59df6150619a29849f00f2e8
      size: 24887
    outs:
    - path: data/perturbation
      hash: md5
      md5: cfe14e9d43fbf2af81a13ff0b73924b0.dir
      size: 1402320940
      nfiles: 3200
    - path: output/perturbation/metrics
      hash: md5
      md5: f3cffaa6d6bfe133e8299bcd4c3cbf03.dir
      size: 5162260
      nfiles: 36
  perturbation_analyse:
    cmd: PYTHONPATH=. ${E2S_PYTHON:-/root/earth2studio-project/.venv/bin/python}
      pipeline/perturbation/02_analyse.py
    deps:
    - path: data/perturbation
      hash: md5
      md5: cfe14e9d43fbf2af81a13ff0b73924b0.dir
      size: 1402320940
      nfiles: 3200
    - path: e2s/validation.py
      hash: md5
      md5: 8b084622c89fd4ea3d8ab9e414254102
      size: 7937
    - path: output/perturbation/metrics
      hash: md5
      md5: f3cffaa6d6bfe133e8299bcd4c3cbf03.dir
      size: 5162260
      nfiles: 36
    - path: pipeline/perturbation/02_analyse.py
      hash: md5
      md5: 029998fda7b7dca8dae364be98d829b4
      size: 23199
    outs:
    - path: output/perturbation/analysis
      hash: md5
      md5: 5ddecbdeb4de40bea2da7343c240dfdd.dir
      size: 29662750
      nfiles: 65
  perturbation_book_overview:
    cmd: MPLBACKEND=Agg PYTHONPATH=$(pwd) uv run jupytext --to notebook 
      --execute --set-kernel e2s-gpu --output 
      book/notebooks/12_perturbation_sweep.ipynb 
      pipeline/perturbation/04_forecast_overview.py && uv run python 
      pipeline/_strip_jupytext_metadata.py 
      book/notebooks/12_perturbation_sweep.ipynb
    deps:
    - path: output/perturbation/metrics/bred_vector_bounds.csv
      hash: md5
      md5: 63bd3a0696afb9570b24deda924a1379
      size: 502589
    - path: output/perturbation/metrics/brown_0.002_bounds.csv
      hash: md5
      md5: 99d40016c1a58a762f8ea5742b55454b
      size: 492956
    - path: output/perturbation/metrics/brown_0.01_bounds.csv
      hash: md5
      md5: 9abe611d48a7209bbfecbab77842588a
      size: 487167
    - path: output/perturbation/metrics/brown_0.05_bounds.csv
      hash: md5
      md5: 02f44764f96543ca267d3bd862dcdb79
      size: 487259
    - path: output/perturbation/metrics/z500_brown_0.002_bounds.csv
      hash: md5
      md5: 120e88d1af3776ea065d46d0d1ff0adf
      size: 523045
    - path: output/perturbation/metrics/z500_brown_0.01_bounds.csv
      hash: md5
      md5: c3a0b8058721017f13354de8d57e328c
      size: 516886
    - path: output/perturbation/metrics/z500_brown_0.05_bounds.csv
      hash: md5
      md5: 51344c3708545658bee0fefed9b7386a
      size: 516956
    - path: output/perturbation/metrics/zero_bounds.csv
      hash: md5
      md5: 27dd981bd2a75eedd8a2389350ac3e57
      size: 449527
    - path: pipeline/_strip_jupytext_metadata.py
      hash: md5
      md5: 19bb5d4de197aa76a272664affdbccdf
      size: 540
    - path: pipeline/perturbation/04_forecast_overview.py
      hash: md5
      md5: a8d83da3fdd16079a52a2ee57798a25e
      size: 6213
    outs:
    - path: book/notebooks/12_perturbation_sweep.ipynb
      hash: md5
      md5: 3a14531f43e35fbf741a78831e8a9e7e
      size: 15532
  perturbation_book_zero:
    cmd: MPLBACKEND=Agg PYTHONPATH=$(pwd) uv run jupytext --to notebook 
      --execute --set-kernel e2s-gpu --output 
      book/notebooks/13_perturbation_zero.ipynb 
      pipeline/perturbation/05_config_zero.py && uv run python 
      pipeline/_strip_jupytext_metadata.py 
      book/notebooks/13_perturbation_zero.ipynb
    deps:
    - path: output/perturbation/analysis/zero_cross_variable_heatmap.png
      hash: md5
      md5: 9ad7794376e2d8c647fadb9e648a8194
      size: 68588
    - path: output/perturbation/analysis/zero_dashboard.png
      hash: md5
      md5: 2b594e8f336978b95580cd18a5e6429d
      size: 301307
    - path: output/perturbation/analysis/zero_mean_std.gif
      hash: md5
      md5: 5e265b729072d7b1e665732e3f802e57
      size: 1320810
    - path: output/perturbation/analysis/zero_meteogram_t2m_munich.png
      hash: md5
      md5: 44b17e8d79fa34e9f939b6ea43dabc5f
      size: 105293
    - path: output/perturbation/analysis/zero_meteogram_wind10m_munich.png
      hash: md5
      md5: 227eb367e80d150d8c55d18bbf64d143
      size: 93281
    - path: output/perturbation/analysis/zero_standalone_heatmap.png
      hash: md5
      md5: 727a43b17b2574f0d44617bf0cca57c2
      size: 133736
    - path: pipeline/_strip_jupytext_metadata.py
      hash: md5
      md5: 19bb5d4de197aa76a272664affdbccdf
      size: 540
    - path: pipeline/perturbation/05_config_zero.py
      hash: md5
      md5: 9b0e67d1f5ef1b40e6ba1665839d568c
      size: 5467
    outs:
    - path: book/notebooks/13_perturbation_zero.ipynb
      hash: md5
      md5: d4459e2fbd8aa49bc95f6e3831ce07a9
      size: 7794
  perturbation_book_brown_0002:
    cmd: MPLBACKEND=Agg PYTHONPATH=$(pwd) uv run jupytext --to notebook 
      --execute --set-kernel e2s-gpu --output 
      book/notebooks/16_perturbation_brown_0.002.ipynb 
      pipeline/perturbation/08_config_brown_0002.py && uv run python 
      pipeline/_strip_jupytext_metadata.py 
      book/notebooks/16_perturbation_brown_0.002.ipynb
    deps:
    - path: output/perturbation/analysis/brown_0.002_dashboard.png
      hash: md5
      md5: 0d49d2bb60ce14e6daa0bd9575e6337a
      size: 303774
    - path: output/perturbation/analysis/brown_0.002_mean_std.gif
      hash: md5
      md5: 1560108fa44c788a1f8bc8644aad8bfa
      size: 2309288
    - path: output/perturbation/analysis/brown_0.002_meteogram_t2m_munich.png
      hash: md5
      md5: f44d001fc0498bae232b943efde8dbba
      size: 106714
    - path: 
        output/perturbation/analysis/brown_0.002_meteogram_wind10m_munich.png
      hash: md5
      md5: 5bb2de4b0b1a58f78cc0568ee78103c4
      size: 95110
    - path: pipeline/_strip_jupytext_metadata.py
      hash: md5
      md5: 19bb5d4de197aa76a272664affdbccdf
      size: 540
    - path: pipeline/perturbation/08_config_brown_0002.py
      hash: md5
      md5: b3de9535af2fb4a1079183221ba5b28b
      size: 3261
    outs:
    - path: book/notebooks/16_perturbation_brown_0.002.ipynb
      hash: md5
      md5: 480973d98cfa388ce6e2b34e30d42f13
      size: 5137
  perturbation_book_gaussian_005:
    cmd: MPLBACKEND=Agg PYTHONPATH=$(pwd) uv run jupytext --to notebook 
      --execute --set-kernel e2s-gpu --output 
      book/notebooks/16_perturbation_gaussian_0.05.ipynb 
      pipeline/perturbation/08_config_gaussian_005.py && uv run python 
      pipeline/_strip_jupytext_metadata.py 
      book/notebooks/16_perturbation_gaussian_0.05.ipynb
    deps:
    - path: output/perturbation/analysis/gaussian_0.05_dashboard.png
      hash: md5
      md5: 6fcf1349772639bef87a73efc76cbfde
      size: 333923
    - path: output/perturbation/analysis/gaussian_0.05_mean_std.gif
      hash: md5
      md5: 1a91b3694d6aee5c7248167a0d52bc79
      size: 3299429
    - path: output/perturbation/analysis/gaussian_0.05_meteogram_t2m_munich.png
      hash: md5
      md5: cd3f317f0b2f2ccaf03038d4868af992
      size: 65071
    - path: 
        output/perturbation/analysis/gaussian_0.05_meteogram_wind10m_munich.png
      hash: md5
      md5: 2ea819a31bcd22b8cc968a7b8990afdb
      size: 62080
    - path: pipeline/_strip_jupytext_metadata.py
      hash: md5
      md5: 19bb5d4de197aa76a272664affdbccdf
      size: 540
    - path: pipeline/perturbation/08_config_gaussian_005.py
      hash: md5
      md5: e07be10f2a5237f061d76ce45734abe5
      size: 3490
    outs:
    - path: book/notebooks/16_perturbation_gaussian_0.05.ipynb
      hash: md5
      md5: 2f63d2934ef85a4811a7561fbe41cb91
      size: 5392
  perturbation_book_brown_001:
    cmd: MPLBACKEND=Agg PYTHONPATH=$(pwd) uv run jupytext --to notebook 
      --execute --set-kernel e2s-gpu --output 
      book/notebooks/15_perturbation_brown_0.01.ipynb 
      pipeline/perturbation/07_config_brown_001.py && uv run python 
      pipeline/_strip_jupytext_metadata.py 
      book/notebooks/15_perturbation_brown_0.01.ipynb
    deps:
    - path: output/perturbation/analysis/brown_0.01_dashboard.png
      hash: md5
      md5: 789f668a1fcad85ebf9d83b3dbb9930e
      size: 305838
    - path: output/perturbation/analysis/brown_0.01_mean_std.gif
      hash: md5
      md5: cbcaf62af24e21e890c47b906fd8f758
      size: 2135523
    - path: output/perturbation/analysis/brown_0.01_meteogram_t2m_munich.png
      hash: md5
      md5: 78b514726f4ba638d2e3e392ab6b1cc7
      size: 108617
    - path: output/perturbation/analysis/brown_0.01_meteogram_wind10m_munich.png
      hash: md5
      md5: 12641aa9e9e48dd92e201f58cadb927f
      size: 98346
    - path: pipeline/_strip_jupytext_metadata.py
      hash: md5
      md5: 19bb5d4de197aa76a272664affdbccdf
      size: 540
    - path: pipeline/perturbation/07_config_brown_001.py
      hash: md5
      md5: 73f84c3f05a39fdcd6c95fba809c3b7e
      size: 2860
    outs:
    - path: book/notebooks/15_perturbation_brown_0.01.ipynb
      hash: md5
      md5: 58e19a5928c8cca7a6338ddaa6e29e42
      size: 4682
  perturbation_book_brown_005:
    cmd: MPLBACKEND=Agg PYTHONPATH=$(pwd) uv run jupytext --to notebook 
      --execute --set-kernel e2s-gpu --output 
      book/notebooks/14_perturbation_brown_0.05.ipynb 
      pipeline/perturbation/06_config_brown_005.py && uv run python 
      pipeline/_strip_jupytext_metadata.py 
      book/notebooks/14_perturbation_brown_0.05.ipynb
    deps:
    - path: output/perturbation/analysis/brown_0.05_dashboard.png
      hash: md5
      md5: 457f2a4c3adf8ed5f64456fec2147f2c
      size: 310772
    - path: output/perturbation/analysis/brown_0.05_mean_std.gif
      hash: md5
      md5: 7b8da89171e92c4153c9edade7bc9963
      size: 2150131
    - path: output/perturbation/analysis/brown_0.05_meteogram_t2m_munich.png
      hash: md5
      md5: a0d57ff4b8195a1142c960316f71e71c
      size: 113867
    - path: output/perturbation/analysis/brown_0.05_meteogram_wind10m_munich.png
      hash: md5
      md5: 952fb1a5df135b16dff23f8fcc8335a8
      size: 100629
    - path: pipeline/_strip_jupytext_metadata.py
      hash: md5
      md5: 19bb5d4de197aa76a272664affdbccdf
      size: 540
    - path: pipeline/perturbation/06_config_brown_005.py
      hash: md5
      md5: cb6dc99ca4eca21f6c55c38d8cf76107
      size: 3529
    outs:
    - path: book/notebooks/14_perturbation_brown_0.05.ipynb
      hash: md5
      md5: a07a2cb9af0ca8e7d874fe7665781cea
      size: 5421
  perturbation_book_bred_vector:
    cmd: MPLBACKEND=Agg PYTHONPATH=$(pwd) uv run jupytext --to notebook 
      --execute --set-kernel e2s-gpu --output 
      book/notebooks/20_perturbation_bred_vector.ipynb 
      pipeline/perturbation/12_config_bred_vector.py && uv run python 
      pipeline/_strip_jupytext_metadata.py 
      book/notebooks/20_perturbation_bred_vector.ipynb
    deps:
    - path: output/perturbation/analysis/bred_vector_cross_variable_heatmap.png
      hash: md5
      md5: 5c346e38ca7636fd368c5b23986858cc
      size: 69830
    - path: output/perturbation/analysis/bred_vector_dashboard.png
      hash: md5
      md5: be0967197695182d590444df54cdfa52
      size: 334948
    - path: output/perturbation/analysis/bred_vector_mean_std.gif
      hash: md5
      md5: e2804269476091d2a185e7239397082b
      size: 2182030
    - path: output/perturbation/analysis/bred_vector_meteogram_t2m_munich.png
      hash: md5
      md5: e4f50d1d7378724c6feedb9b3f178c1d
      size: 93298
    - path: 
        output/perturbation/analysis/bred_vector_meteogram_wind10m_munich.png
      hash: md5
      md5: 9996f31c4ab84e78e7c3676cfb9e2929
      size: 88585
    - path: output/perturbation/analysis/bred_vector_standalone_heatmap.png
      hash: md5
      md5: d3e05704224aeafb700c8934f04832ba
      size: 135851
    - path: pipeline/_strip_jupytext_metadata.py
      hash: md5
      md5: 19bb5d4de197aa76a272664affdbccdf
      size: 540
    - path: pipeline/perturbation/12_config_bred_vector.py
      hash: md5
      md5: 49d2549b3e54a2269aade78b11e0c111
      size: 6767
    outs:
    - path: book/notebooks/20_perturbation_bred_vector.ipynb
      hash: md5
      md5: e64a45cc54306a572575fd01c8671161
      size: 9288
  perturbation_book_robustness_season:
    cmd: MPLBACKEND=Agg PYTHONPATH=$(pwd) uv run jupytext --to notebook 
      --execute --set-kernel e2s-gpu --output 
      book/notebooks/19_perturbation_robustness_season.ipynb 
      pipeline/perturbation/11_robustness_season.py && uv run python 
      pipeline/_strip_jupytext_metadata.py 
      book/notebooks/19_perturbation_robustness_season.ipynb
    deps:
    - path: output/perturbation/metrics/bred_vector_bounds.csv
      hash: md5
      md5: 63bd3a0696afb9570b24deda924a1379
      size: 502589
    - path: output/perturbation/metrics/bred_vector_winter_bounds.csv
      hash: md5
      md5: a0bd0b1ff192e79a50e1dfe81cad0528
      size: 540781
    - path: output/perturbation/metrics/zero_bounds.csv
      hash: md5
      md5: 27dd981bd2a75eedd8a2389350ac3e57
      size: 449527
    - path: output/perturbation/metrics/zero_winter_bounds.csv
      hash: md5
      md5: 97d4ed579a2a4e398307ecb4aae9990b
      size: 492651
    - path: pipeline/_strip_jupytext_metadata.py
      hash: md5
      md5: 19bb5d4de197aa76a272664affdbccdf
      size: 540
    - path: pipeline/perturbation/11_robustness_season.py
      hash: md5
      md5: bd92b6422ad2a3c04744543f38f3dfa2
      size: 3793
    outs:
    - path: book/notebooks/19_perturbation_robustness_season.ipynb
      hash: md5
      md5: 69b85d3ad77da859261d5d3fefd4b820
      size: 6228
  perturbation_book_z500_brown_200:
    cmd: MPLBACKEND=Agg PYTHONPATH=$(pwd) uv run jupytext --to notebook 
      --execute --set-kernel e2s-gpu --output 
      book/notebooks/18_perturbation_z500_brown_200.ipynb 
      pipeline/perturbation/10_config_z500_brown_200.py && uv run python 
      pipeline/_strip_jupytext_metadata.py 
      book/notebooks/18_perturbation_z500_brown_200.ipynb
    deps:
    - path: output/perturbation/analysis/z500_brown_200_dashboard.png
      hash: md5
      md5: 1e3c63ccae93097e99f78dc2e195462a
      size: 307306
    - path: output/perturbation/analysis/z500_brown_200_mean_std.gif
      hash: md5
      md5: 1147b83348f931e68e8a9955df220b12
      size: 2141205
    - path: output/perturbation/analysis/z500_brown_200_meteogram_t2m_munich.png
      hash: md5
      md5: fe86a3fd2e654cc70abd981d038ea305
      size: 108671
    - path: 
        output/perturbation/analysis/z500_brown_200_meteogram_wind10m_munich.png
      hash: md5
      md5: dae2d97a9750fcc15c8543b6f62e6687
      size: 99954
    - path: pipeline/_strip_jupytext_metadata.py
      hash: md5
      md5: 19bb5d4de197aa76a272664affdbccdf
      size: 540
    - path: pipeline/perturbation/10_config_z500_brown_200.py
      hash: md5
      md5: 7c7cd8f85968665008a2b620105be135
      size: 4297
    outs:
    - path: book/notebooks/18_perturbation_z500_brown_200.ipynb
      hash: md5
      md5: 7a9599ab8c151f48f7aaedf11d669e3e
      size: 6289
  perturbation_book_ic_robustness:
    cmd: MPLBACKEND=Agg PYTHONPATH=$(pwd) uv run jupytext --to notebook 
      --execute --set-kernel e2s-gpu --output 
      book/notebooks/11_perturbation_ic_robustness.ipynb 
      pipeline/perturbation/03_ic_robustness.py && uv run python 
      pipeline/_strip_jupytext_metadata.py 
      book/notebooks/11_perturbation_ic_robustness.ipynb
    deps:
    - path: output/perturbation/analysis/ic_robustness_comparison.png
      hash: md5
      md5: 12fcf42060d3f97bca6e780e2582394f
      size: 200950
    - path: output/perturbation/metrics/ic_robustness_autumn_bounds.csv
      hash: md5
      md5: 8a1e7aae71931815e177835673f102c4
      size: 136963
    - path: output/perturbation/metrics/ic_robustness_spring_bounds.csv
      hash: md5
      md5: a2c3d43c520d53c2b734330e0a3d3c14
      size: 136797
    - path: output/perturbation/metrics/ic_robustness_summer_bounds.csv
      hash: md5
      md5: 2b90e9164a50a0d03f4205bd88c79b20
      size: 136993
    - path: output/perturbation/metrics/ic_robustness_winter_bounds.csv
      hash: md5
      md5: 26f0cadfc9d4d511db36776702af361d
      size: 137043
    - path: pipeline/_strip_jupytext_metadata.py
      hash: md5
      md5: 19bb5d4de197aa76a272664affdbccdf
      size: 540
    - path: pipeline/perturbation/03_ic_robustness.py
      hash: md5
      md5: b8b12e4ff067dd10b1a2c01980d5115d
      size: 4942
    outs:
    - path: book/notebooks/11_perturbation_ic_robustness.ipynb
      hash: md5
      md5: aeda37695d0acb8ff7836dacbf00fd4e
      size: 8494
  perturbation_book_z500_brown_005:
    cmd: MPLBACKEND=Agg PYTHONPATH=$(pwd) uv run jupytext --to notebook 
      --execute --set-kernel e2s-gpu --output 
      book/notebooks/17_perturbation_z500_brown_0.05.ipynb 
      pipeline/perturbation/09_config_z500_brown_005.py && uv run python 
      pipeline/_strip_jupytext_metadata.py 
      book/notebooks/17_perturbation_z500_brown_0.05.ipynb
    deps:
    - path: output/perturbation/analysis/z500_brown_0.05_dashboard.png
      hash: md5
      md5: 0ab7b45e23029e008895f97e5863301f
      size: 306534
    - path: output/perturbation/analysis/z500_brown_0.05_mean_std.gif
      hash: md5
      md5: aab87295c623e3ba4263790e36009bdd
      size: 2154728
    - path: 
        output/perturbation/analysis/z500_brown_0.05_meteogram_t2m_munich.png
      hash: md5
      md5: ce6bec738ccb49a3589e764651da903b
      size: 109573
    - path: 
        output/perturbation/analysis/z500_brown_0.05_meteogram_wind10m_munich.png
      hash: md5
      md5: 30a50086f8dbf1b2f17f6c361fb355d4
      size: 100694
    - path: pipeline/_strip_jupytext_metadata.py
      hash: md5
      md5: 19bb5d4de197aa76a272664affdbccdf
      size: 540
    - path: pipeline/perturbation/09_config_z500_brown_005.py
      hash: md5
      md5: 8e18fab37a52fef1c6d371c01102ae7f
      size: 3416
    outs:
    - path: book/notebooks/17_perturbation_z500_brown_0.05.ipynb
      hash: md5
      md5: d236f2d3e58eb14ede5295409b7f1c8e
      size: 5306
  perturbation_book_z500_brown_0002:
    cmd: MPLBACKEND=Agg PYTHONPATH=$(pwd) uv run jupytext --to notebook 
      --execute --set-kernel e2s-gpu --output 
      book/notebooks/19_perturbation_z500_brown_0.002.ipynb 
      pipeline/perturbation/11_config_z500_brown_0002.py && uv run python 
      pipeline/_strip_jupytext_metadata.py 
      book/notebooks/19_perturbation_z500_brown_0.002.ipynb
    deps:
    - path: output/perturbation/analysis/z500_brown_0.002_dashboard.png
      hash: md5
      md5: db1218cd6a1b4604a6043781d92f7c49
      size: 304262
    - path: output/perturbation/analysis/z500_brown_0.002_mean_std.gif
      hash: md5
      md5: d2e2ca2f2ee04fd1d98538c97ff68d21
      size: 2434045
    - path: 
        output/perturbation/analysis/z500_brown_0.002_meteogram_t2m_munich.png
      hash: md5
      md5: f05a7b5e1f1a5ff9acc547df1deccd2e
      size: 107081
    - path: 
        output/perturbation/analysis/z500_brown_0.002_meteogram_wind10m_munich.png
      hash: md5
      md5: 17a0a6a554d73407be284de05add86d8
      size: 94896
    - path: pipeline/_strip_jupytext_metadata.py
      hash: md5
      md5: 19bb5d4de197aa76a272664affdbccdf
      size: 540
    - path: pipeline/perturbation/11_config_z500_brown_0002.py
      hash: md5
      md5: dedb2b08986958b447ea8884d48e892e
      size: 2770
    outs:
    - path: book/notebooks/19_perturbation_z500_brown_0.002.ipynb
      hash: md5
      md5: f69fa096489aa23fea0fad1d101526f4
      size: 4591
  perturbation_book_z500_brown_001:
    cmd: MPLBACKEND=Agg PYTHONPATH=$(pwd) uv run jupytext --to notebook 
      --execute --set-kernel e2s-gpu --output 
      book/notebooks/18_perturbation_z500_brown_0.01.ipynb 
      pipeline/perturbation/10_config_z500_brown_001.py && uv run python 
      pipeline/_strip_jupytext_metadata.py 
      book/notebooks/18_perturbation_z500_brown_0.01.ipynb
    deps:
    - path: output/perturbation/analysis/z500_brown_0.01_dashboard.png
      hash: md5
      md5: c43dc1d266fac135c1105ba3b21bd45d
      size: 304922
    - path: output/perturbation/analysis/z500_brown_0.01_mean_std.gif
      hash: md5
      md5: cdd7914935b6b12a630d0696a458ca37
      size: 2169910
    - path: 
        output/perturbation/analysis/z500_brown_0.01_meteogram_t2m_munich.png
      hash: md5
      md5: b39ef734c8326a121dcb203134c03de6
      size: 108890
    - path: 
        output/perturbation/analysis/z500_brown_0.01_meteogram_wind10m_munich.png
      hash: md5
      md5: d723ff42c7ee7ef8e21048dd9e1a1a5a
      size: 97892
    - path: pipeline/_strip_jupytext_metadata.py
      hash: md5
      md5: 19bb5d4de197aa76a272664affdbccdf
      size: 540
    - path: pipeline/perturbation/10_config_z500_brown_001.py
      hash: md5
      md5: 83dca8852ceeb1c6205dd3ff99797579
      size: 2544
    outs:
    - path: book/notebooks/18_perturbation_z500_brown_0.01.ipynb
      hash: md5
      md5: ba857870a5d71e6de2acb19e5e8a8fc8
      size: 4350
